
Microsoft Visual Studio Solution File, Format Version 12.00
# Visual Studio Version 16
VisualStudioVersion = 16.0.31424.327
MinimumVisualStudioVersion = 10.0.40219.1
Project("{9A19103F-16F7-4668-BE54-9A1E7A4F7556}") = "Singekyo.Xearch.Domain", "Singekyo.Xearch.Domain\Singekyo.Xearch.Domain.csproj", "{6FB39CDA-DF1A-4BC6-A053-7285781C9911}"
EndProject
Project("{FAE04EC0-301F-11D3-BF4B-00C04F79EFBC}") = "Shingekyo.Xearch.Domain.UnitTests", "Shingekyo.Xearch.Domain.UnitTests\Shingekyo.Xearch.Domain.UnitTests.csproj", "{4467D488-32FF-4328-A3BB-3A4CCF8C6B13}"
EndProject
Project("{FAE04EC0-301F-11D3-BF4B-00C04F79EFBC}") = "Shingekyo.Xearch.Service", "Shingekyo.Xearch.Service\Shingekyo.Xearch.Service.csproj", "{CD389D81-3124-40C2-BA01-246C0C5E7F24}"
EndProject
Project("{FAE04EC0-301F-11D3-BF4B-00C04F79EFBC}") = "Shingekyo.Xearch.Infrastructure", "Shingekyo.Xearch.Infrastructure\Shingekyo.Xearch.Infrastructure.csproj", "{0BF0EAE8-4ABE-4696-AB68-58D0D84F671D}"
EndProject
Project("{FAE04EC0-301F-11D3-BF4B-00C04F79EFBC}") = "Shingekyo.Xearch.Presentation", "Shingekyo.Xearch.Presentation\Shingekyo.Xearch.Presentation.csproj", "{DD481123-218C-436F-8BC2-9E3B637E7B40}"
EndProject
Global
	GlobalSection(SolutionConfigurationPlatforms) = preSolution
		Debug|Any CPU = Debug|Any CPU
		Release|Any CPU = Release|Any CPU
	EndGlobalSection
	GlobalSection(ProjectConfigurationPlatforms) = postSolution
		{6FB39CDA-DF1A-4BC6-A053-7285781C9911}.Debug|Any CPU.ActiveCfg = Debug|Any CPU
		{6FB39CDA-DF1A-4BC6-A053-7285781C9911}.Debug|Any CPU.Build.0 = Debug|Any CPU
		{6FB39CDA-DF1A-4BC6-A053-7285781C9911}.Release|Any CPU.ActiveCfg = Release|Any CPU
		{6FB39CDA-DF1A-4BC6-A053-7285781C9911}.Release|Any CPU.Build.0 = Release|Any CPU
		{4467D488-32FF-4328-A3BB-3A4CCF8C6B13}.Debug|Any CPU.ActiveCfg = Debug|Any CPU
		{4467D488-32FF-4328-A3BB-3A4CCF8C6B13}.Debug|Any CPU.Build.0 = Debug|Any CPU
		{4467D488-32FF-4328-A3BB-3A4CCF8C6B13}.Release|Any CPU.ActiveCfg = Release|Any CPU
		{4467D488-32FF-4328-A3BB-3A4CCF8C6B13}.Release|Any CPU.Build.0 = Release|Any CPU
		{CD389D81-3124-40C2-BA01-246C0C5E7F24}.Debug|Any CPU.ActiveCfg = Debug|Any CPU
		{CD389D81-3124-40C2-BA01-246C0C5E7F24}.Debug|Any CPU.Build.0 = Debug|Any CPU
		{CD389D81-3124-40C2-BA01-246C0C5E7F24}.Release|Any CPU.ActiveCfg = Release|Any CPU
		{CD389D81-3124-40C2-BA01-246C0C5E7F24}.Release|Any CPU.Build.0 = Release|Any CPU
		{0BF0EAE8-4ABE-4696-AB68-58D0D84F671D}.Debug|Any CPU.ActiveCfg = Debug|Any CPU
		{0BF0EAE8-4ABE-4696-AB68-58D0D84F671D}.Debug|Any CPU.Build.0 = Debug|Any CPU
		{0BF0EAE8-4ABE-4696-AB68-58D0D84F671D}.Release|Any CPU.ActiveCfg = Release|Any CPU
		{0BF0EAE8-4ABE-4696-AB68-58D0D84F671D}.Release|Any CPU.Build.0 = Release|Any CPU
		{DD481123-218C-436F-8BC2-9E3B637E7B40}.Debug|Any CPU.ActiveCfg = Debug|Any CPU
		{DD481123-218C-436F-8BC2-9E3B637E7B40}.Debug|Any CPU.Build.0 = Debug|Any CPU
		{DD481123-218C-436F-8BC2-9E3B637E7B40}.Release|Any CPU.ActiveCfg = Release|Any CPU
		{DD481123-218C-436F-8BC2-9E3B637E7B40}.Release|Any CPU.Build.0 = Release|Any CPU
	EndGlobalSection
	GlobalSection(SolutionProperties) = preSolution
		HideSolutionNode = FALSE
	EndGlobalSection
	GlobalSection(ExtensibilityGlobals) = postSolution
		SolutionGuid = {8B2286D7-2D04-48E8-BA4E-16245B5E40BC}
	EndGlobalSection
EndGlobal
